lockfileVersion: '9.0'

settings:
  autoInstallPeers: true
  excludeLinksFromLockfile: false

importers:

  .:
    devDependencies:
      rollup:
        specifier: ^4.20.0
        version: 4.20.0
      typescript:
        specifier: ^5.5.4
        version: 5.5.4

packages:

  '@rollup/rollup-android-arm-eabi@4.20.0':
    resolution: {integrity: sha512-TSpWzflCc4VGAUJZlPpgAJE1+V60MePDQnBd7PPkpuEmOy8i87aL6tinFGKBFKuEDikYpig72QzdT3QPYIi+oA==}
    cpu: [arm]
    os: [android]

  '@rollup/rollup-android-arm64@4.20.0':
    resolution: {integrity: sha512-u00Ro/nok7oGzVuh/FMYfNoGqxU5CPWz1mxV85S2w9LxHR8OoMQBuSk+3BKVIDYgkpeOET5yXkx90OYFc+ytpQ==}
    cpu: [arm64]
    os: [android]

  '@rollup/rollup-darwin-arm64@4.20.0':
    resolution: {integrity: sha512-uFVfvzvsdGtlSLuL0ZlvPJvl6ZmrH4CBwLGEFPe7hUmf7htGAN+aXo43R/V6LATyxlKVC/m6UsLb7jbG+LG39Q==}
    cpu: [arm64]
    os: [darwin]

  '@rollup/rollup-darwin-x64@4.20.0':
    resolution: {integrity: sha512-xbrMDdlev53vNXexEa6l0LffojxhqDTBeL+VUxuuIXys4x6xyvbKq5XqTXBCEUA8ty8iEJblHvFaWRJTk/icAQ==}
    cpu: [x64]
    os: [darwin]

  '@rollup/rollup-linux-arm-gnueabihf@4.20.0':
    resolution: {integrity: sha512-jMYvxZwGmoHFBTbr12Xc6wOdc2xA5tF5F2q6t7Rcfab68TT0n+r7dgawD4qhPEvasDsVpQi+MgDzj2faOLsZjA==}
    cpu: [arm]
    os: [linux]

  '@rollup/rollup-linux-arm-musleabihf@4.20.0':
    resolution: {integrity: sha512-1asSTl4HKuIHIB1GcdFHNNZhxAYEdqML/MW4QmPS4G0ivbEcBr1JKlFLKsIRqjSwOBkdItn3/ZDlyvZ/N6KPlw==}
    cpu: [arm]
    os: [linux]

  '@rollup/rollup-linux-arm64-gnu@4.20.0':
    resolution: {integrity: sha512-COBb8Bkx56KldOYJfMf6wKeYJrtJ9vEgBRAOkfw6Ens0tnmzPqvlpjZiLgkhg6cA3DGzCmLmmd319pmHvKWWlQ==}
    cpu: [arm64]
    os: [linux]

  '@rollup/rollup-linux-arm64-musl@4.20.0':
    resolution: {integrity: sha512-+it+mBSyMslVQa8wSPvBx53fYuZK/oLTu5RJoXogjk6x7Q7sz1GNRsXWjn6SwyJm8E/oMjNVwPhmNdIjwP135Q==}
    cpu: [arm64]
    os: [linux]

  '@rollup/rollup-linux-powerpc64le-gnu@4.20.0':
    resolution: {integrity: sha512-yAMvqhPfGKsAxHN8I4+jE0CpLWD8cv4z7CK7BMmhjDuz606Q2tFKkWRY8bHR9JQXYcoLfopo5TTqzxgPUjUMfw==}
    cpu: [ppc64]
    os: [linux]

  '@rollup/rollup-linux-riscv64-gnu@4.20.0':
    resolution: {integrity: sha512-qmuxFpfmi/2SUkAw95TtNq/w/I7Gpjurx609OOOV7U4vhvUhBcftcmXwl3rqAek+ADBwSjIC4IVNLiszoj3dPA==}
    cpu: [riscv64]
    os: [linux]

  '@rollup/rollup-linux-s390x-gnu@4.20.0':
    resolution: {integrity: sha512-I0BtGXddHSHjV1mqTNkgUZLnS3WtsqebAXv11D5BZE/gfw5KoyXSAXVqyJximQXNvNzUo4GKlCK/dIwXlz+jlg==}
    cpu: [s390x]
    os: [linux]

  '@rollup/rollup-linux-x64-gnu@4.20.0':
    resolution: {integrity: sha512-y+eoL2I3iphUg9tN9GB6ku1FA8kOfmF4oUEWhztDJ4KXJy1agk/9+pejOuZkNFhRwHAOxMsBPLbXPd6mJiCwew==}
    cpu: [x64]
    os: [linux]

  '@rollup/rollup-linux-x64-musl@4.20.0':
    resolution: {integrity: sha512-hM3nhW40kBNYUkZb/r9k2FKK+/MnKglX7UYd4ZUy5DJs8/sMsIbqWK2piZtVGE3kcXVNj3B2IrUYROJMMCikNg==}
    cpu: [x64]
    os: [linux]

  '@rollup/rollup-win32-arm64-msvc@4.20.0':
    resolution: {integrity: sha512-psegMvP+Ik/Bg7QRJbv8w8PAytPA7Uo8fpFjXyCRHWm6Nt42L+JtoqH8eDQ5hRP7/XW2UiIriy1Z46jf0Oa1kA==}
    cpu: [arm64]
    os: [win32]

  '@rollup/rollup-win32-ia32-msvc@4.20.0':
    resolution: {integrity: sha512-GabekH3w4lgAJpVxkk7hUzUf2hICSQO0a/BLFA11/RMxQT92MabKAqyubzDZmMOC/hcJNlc+rrypzNzYl4Dx7A==}
    cpu: [ia32]
    os: [win32]

  '@rollup/rollup-win32-x64-msvc@4.20.0':
    resolution: {integrity: sha512-aJ1EJSuTdGnM6qbVC4B5DSmozPTqIag9fSzXRNNo+humQLG89XpPgdt16Ia56ORD7s+H8Pmyx44uczDQ0yDzpg==}
    cpu: [x64]
    os: [win32]

  '@types/estree@1.0.5':
    resolution: {integrity: sha512-/kYRxGDLWzHOB7q+wtSUQlFrtcdUccpfy+X+9iMBpHK8QLLhx2wIPYuS5DYtR9Wa/YlZAbIovy7qVdB1Aq6Lyw==}

  fsevents@2.3.3:
    resolution: {integrity: sha512-5xoDfX+fL7faATnagmWPpbFtwh/R77WmMMqqHGS65C3vvB0YHrgF+B1YmZ3441tMj5n63k0212XNoJwzlhffQw==}
    engines: {node: ^8.16.0 || ^10.6.0 || >=11.0.0}
    os: [darwin]

  rollup@4.20.0:
    resolution: {integrity: sha512-6rbWBChcnSGzIlXeIdNIZTopKYad8ZG8ajhl78lGRLsI2rX8IkaotQhVas2Ma+GPxJav19wrSzvRvuiv0YKzWw==}
    engines: {node: '>=18.0.0', npm: '>=8.0.0'}
    hasBin: true

  typescript@5.5.4:
    resolution: {integrity: sha512-Mtq29sKDAEYP7aljRgtPOpTvOfbwRWlS6dPRzwjdE+C0R4brX/GUyhHSecbHMFLNBLcJIPt9nl9yG5TZ1weH+Q==}
    engines: {node: '>=14.17'}
    hasBin: true

snapshots:

  '@rollup/rollup-android-arm-eabi@4.20.0':
    optional: true

  '@rollup/rollup-android-arm64@4.20.0':
    optional: true

  '@rollup/rollup-darwin-arm64@4.20.0':
    optional: true

  '@rollup/rollup-darwin-x64@4.20.0':
    optional: true

  '@rollup/rollup-linux-arm-gnueabihf@4.20.0':
    optional: true

  '@rollup/rollup-linux-arm-musleabihf@4.20.0':
    optional: true

  '@rollup/rollup-linux-arm64-gnu@4.20.0':
    optional: true

  '@rollup/rollup-linux-arm64-musl@4.20.0':
    optional: true

  '@rollup/rollup-linux-powerpc64le-gnu@4.20.0':
    optional: true

  '@rollup/rollup-linux-riscv64-gnu@4.20.0':
    optional: true

  '@rollup/rollup-linux-s390x-gnu@4.20.0':
    optional: true

  '@rollup/rollup-linux-x64-gnu@4.20.0':
    optional: true

  '@rollup/rollup-linux-x64-musl@4.20.0':
    optional: true

  '@rollup/rollup-win32-arm64-msvc@4.20.0':
    optional: true

  '@rollup/rollup-win32-ia32-msvc@4.20.0':
    optional: true

  '@rollup/rollup-win32-x64-msvc@4.20.0':
    optional: true

  '@types/estree@1.0.5': {}

  fsevents@2.3.3:
    optional: true

  rollup@4.20.0:
    dependencies:
      '@types/estree': 1.0.5
    optionalDependencies:
      '@rollup/rollup-android-arm-eabi': 4.20.0
      '@rollup/rollup-android-arm64': 4.20.0
      '@rollup/rollup-darwin-arm64': 4.20.0
      '@rollup/rollup-darwin-x64': 4.20.0
      '@rollup/rollup-linux-arm-gnueabihf': 4.20.0
      '@rollup/rollup-linux-arm-musleabihf': 4.20.0
      '@rollup/rollup-linux-arm64-gnu': 4.20.0
      '@rollup/rollup-linux-arm64-musl': 4.20.0
      '@rollup/rollup-linux-powerpc64le-gnu': 4.20.0
      '@rollup/rollup-linux-riscv64-gnu': 4.20.0
      '@rollup/rollup-linux-s390x-gnu': 4.20.0
      '@rollup/rollup-linux-x64-gnu': 4.20.0
      '@rollup/rollup-linux-x64-musl': 4.20.0
      '@rollup/rollup-win32-arm64-msvc': 4.20.0
      '@rollup/rollup-win32-ia32-msvc': 4.20.0
      '@rollup/rollup-win32-x64-msvc': 4.20.0
      fsevents: 2.3.3

  typescript@5.5.4: {}
